
Microsoft Visual Studio Solution File, Format Version 12.00
Project("{FAE04EC0-301F-11D3-BF4B-00C04F79EFBC}") = "Singleton", "Singleton\Singleton.csproj", "{E2B1EAF2-B5F8-4BD2-82D9-9B6D689CE424}"
EndProject
Global
	GlobalSection(SolutionConfigurationPlatforms) = preSolution
		Debug|Any CPU = Debug|Any CPU
		Release|Any CPU = Release|Any CPU
	EndGlobalSection
	GlobalSection(ProjectConfigurationPlatforms) = postSolution
		{E2B1EAF2-B5F8-4BD2-82D9-9B6D689CE424}.Debug|Any CPU.ActiveCfg = Debug|Any CPU
		{E2B1EAF2-B5F8-4BD2-82D9-9B6D689CE424}.Debug|Any CPU.Build.0 = Debug|Any CPU
		{E2B1EAF2-B5F8-4BD2-82D9-9B6D689CE424}.Release|Any CPU.ActiveCfg = Release|Any CPU
		{E2B1EAF2-B5F8-4BD2-82D9-9B6D689CE424}.Release|Any CPU.Build.0 = Release|Any CPU
	EndGlobalSection
EndGlobal
